
Microsoft Visual Studio Solution File, Format Version 12.00
# Visual Studio Version 16
VisualStudioVersion = 16.0.29709.97
MinimumVisualStudioVersion = 10.0.40219.1
Project("{9A19103F-16F7-4668-BE54-9A1E7A4F7556}") = "NewsApi", "NewsApi\NewsApi.csproj", "{FB3E1F75-EA40-4B6D-A446-52C6108FDD64}"
EndProject
Project("{9A19103F-16F7-4668-BE54-9A1E7A4F7556}") = "CrappyWeatherApi", "WeatherApi\CrappyWeatherApi.csproj", "{BC477E23-D1E8-464E-A448-877A3B6223F0}"
EndProject
Global
	GlobalSection(SolutionConfigurationPlatforms) = preSolution
		Debug|Any CPU = Debug|Any CPU
		Release|Any CPU = Release|Any CPU
	EndGlobalSection
	GlobalSection(ProjectConfigurationPlatforms) = postSolution
		{FB3E1F75-EA40-4B6D-A446-52C6108FDD64}.Debug|Any CPU.ActiveCfg = Debug|Any CPU
		{FB3E1F75-EA40-4B6D-A446-52C6108FDD64}.Debug|Any CPU.Build.0 = Debug|Any CPU
		{FB3E1F75-EA40-4B6D-A446-52C6108FDD64}.Release|Any CPU.ActiveCfg = Release|Any CPU
		{FB3E1F75-EA40-4B6D-A446-52C6108FDD64}.Release|Any CPU.Build.0 = Release|Any CPU
		{BC477E23-D1E8-464E-A448-877A3B6223F0}.Debug|Any CPU.ActiveCfg = Debug|Any CPU
		{BC477E23-D1E8-464E-A448-877A3B6223F0}.Debug|Any CPU.Build.0 = Debug|Any CPU
		{BC477E23-D1E8-464E-A448-877A3B6223F0}.Release|Any CPU.ActiveCfg = Release|Any CPU
		{BC477E23-D1E8-464E-A448-877A3B6223F0}.Release|Any CPU.Build.0 = Release|Any CPU
	EndGlobalSection
	GlobalSection(SolutionProperties) = preSolution
		HideSolutionNode = FALSE
	EndGlobalSection
	GlobalSection(ExtensibilityGlobals) = postSolution
		SolutionGuid = {18C3606D-977E-4184-9F87-4D7E569E832C}
	EndGlobalSection
EndGlobal
